
Microsoft Visual Studio Solution File, Format Version 12.00
# Visual Studio Version 16
VisualStudioVersion = 16.0.28729.10
MinimumVisualStudioVersion = 10.0.40219.1
Project("{8BC9CEB8-8B4A-11D0-8D11-00A0C91BC942}") = "a-z", "a-z.vcxproj", "{0867996B-D20A-4F8E-99CA-314280D3ACD9}"
EndProject
Global
	GlobalSection(SolutionConfigurationPlatforms) = preSolution
		Debug|x64 = Debug|x64
		Debug|x86 = Debug|x86
		Release|x64 = Release|x64
		Release|x86 = Release|x86
	EndGlobalSection
	GlobalSection(ProjectConfigurationPlatforms) = postSolution
		{0867996B-D20A-4F8E-99CA-314280D3ACD9}.Debug|x64.ActiveCfg = Debug|x64
		{0867996B-D20A-4F8E-99CA-314280D3ACD9}.Debug|x64.Build.0 = Debug|x64
		{0867996B-D20A-4F8E-99CA-314280D3ACD9}.Debug|x86.ActiveCfg = Debug|Win32
		{0867996B-D20A-4F8E-99CA-314280D3ACD9}.Debug|x86.Build.0 = Debug|Win32
		{0867996B-D20A-4F8E-99CA-314280D3ACD9}.Release|x64.ActiveCfg = Release|x64
		{0867996B-D20A-4F8E-99CA-314280D3ACD9}.Release|x64.Build.0 = Release|x64
		{0867996B-D20A-4F8E-99CA-314280D3ACD9}.Release|x86.ActiveCfg = Release|Win32
		{0867996B-D20A-4F8E-99CA-314280D3ACD9}.Release|x86.Build.0 = Release|Win32
	EndGlobalSection
	GlobalSection(SolutionProperties) = preSolution
		HideSolutionNode = FALSE
	EndGlobalSection
	GlobalSection(ExtensibilityGlobals) = postSolution
		SolutionGuid = {72256203-4EE3-4FDE-A411-5856EC26DCD8}
	EndGlobalSection
EndGlobal
